
Microsoft Visual Studio Solution File, Format Version 12.00
# Visual Studio Version 16
VisualStudioVersion = 16.0.31313.79
MinimumVisualStudioVersion = 10.0.40219.1
Project("{FAE04EC0-301F-11D3-BF4B-00C04F79EFBC}") = "gyak08_n0adbr", "gyak08_n0adbr\gyak08_n0adbr.csproj", "{0691F6EF-9BF0-4D37-B6CE-8E168B1D51DC}"
EndProject
Global
	GlobalSection(SolutionConfigurationPlatforms) = preSolution
		Debug|Any CPU = Debug|Any CPU
		Release|Any CPU = Release|Any CPU
	EndGlobalSection
	GlobalSection(ProjectConfigurationPlatforms) = postSolution
		{0691F6EF-9BF0-4D37-B6CE-8E168B1D51DC}.Debug|Any CPU.ActiveCfg = Debug|Any CPU
		{0691F6EF-9BF0-4D37-B6CE-8E168B1D51DC}.Debug|Any CPU.Build.0 = Debug|Any CPU
		{0691F6EF-9BF0-4D37-B6CE-8E168B1D51DC}.Release|Any CPU.ActiveCfg = Release|Any CPU
		{0691F6EF-9BF0-4D37-B6CE-8E168B1D51DC}.Release|Any CPU.Build.0 = Release|Any CPU
	EndGlobalSection
	GlobalSection(SolutionProperties) = preSolution
		HideSolutionNode = FALSE
	EndGlobalSection
	GlobalSection(ExtensibilityGlobals) = postSolution
		SolutionGuid = {DC32F232-8FCC-4BC1-891C-8B58E2F15AE7}
	EndGlobalSection
EndGlobal
