
Microsoft Visual Studio Solution File, Format Version 12.00
# Visual Studio Version 16
VisualStudioVersion = 16.0.31313.79
MinimumVisualStudioVersion = 10.0.40219.1
Project("{FAE04EC0-301F-11D3-BF4B-00C04F79EFBC}") = "gyak06_n0adbr", "gyak06_n0adbr\gyak06_n0adbr.csproj", "{65C70EA2-15C4-421C-8D64-DE7C8D9E4016}"
EndProject
Global
	GlobalSection(SolutionConfigurationPlatforms) = preSolution
		Debug|Any CPU = Debug|Any CPU
		Release|Any CPU = Release|Any CPU
	EndGlobalSection
	GlobalSection(ProjectConfigurationPlatforms) = postSolution
		{65C70EA2-15C4-421C-8D64-DE7C8D9E4016}.Debug|Any CPU.ActiveCfg = Debug|Any CPU
		{65C70EA2-15C4-421C-8D64-DE7C8D9E4016}.Debug|Any CPU.Build.0 = Debug|Any CPU
		{65C70EA2-15C4-421C-8D64-DE7C8D9E4016}.Release|Any CPU.ActiveCfg = Release|Any CPU
		{65C70EA2-15C4-421C-8D64-DE7C8D9E4016}.Release|Any CPU.Build.0 = Release|Any CPU
	EndGlobalSection
	GlobalSection(SolutionProperties) = preSolution
		HideSolutionNode = FALSE
	EndGlobalSection
	GlobalSection(ExtensibilityGlobals) = postSolution
		SolutionGuid = {BAB230BF-609C-4F5F-B9E1-23C7BD026790}
	EndGlobalSection
EndGlobal
